
Microsoft Visual Studio Solution File, Format Version 12.00
# Visual Studio 15
Project("{FAE04EC0-301F-11D3-BF4B-00C04F79EFBC}") = "Assembly-CSharp", "Assembly-CSharp.csproj", "{0A70F773-6D76-EF23-8AC7-EF6B5BDF988B}"
EndProject
Project("{FAE04EC0-301F-11D3-BF4B-00C04F79EFBC}") = "Assembly-CSharp-Editor", "Assembly-CSharp-Editor.csproj", "{70FB7126-99FE-CD72-61D1-4D8B19FF6E79}"
EndProject
Global
	GlobalSection(SolutionConfigurationPlatforms) = preSolution
		Debug|Any CPU = Debug|Any CPU
		Release|Any CPU = Release|Any CPU
	EndGlobalSection
	GlobalSection(ProjectConfigurationPlatforms) = postSolution
		{0A70F773-6D76-EF23-8AC7-EF6B5BDF988B}.Debug|Any CPU.ActiveCfg = Debug|Any CPU
		{0A70F773-6D76-EF23-8AC7-EF6B5BDF988B}.Debug|Any CPU.Build.0 = Debug|Any CPU
		{0A70F773-6D76-EF23-8AC7-EF6B5BDF988B}.Release|Any CPU.ActiveCfg = Release|Any CPU
		{0A70F773-6D76-EF23-8AC7-EF6B5BDF988B}.Release|Any CPU.Build.0 = Release|Any CPU
		{70FB7126-99FE-CD72-61D1-4D8B19FF6E79}.Debug|Any CPU.ActiveCfg = Debug|Any CPU
		{70FB7126-99FE-CD72-61D1-4D8B19FF6E79}.Debug|Any CPU.Build.0 = Debug|Any CPU
		{70FB7126-99FE-CD72-61D1-4D8B19FF6E79}.Release|Any CPU.ActiveCfg = Release|Any CPU
		{70FB7126-99FE-CD72-61D1-4D8B19FF6E79}.Release|Any CPU.Build.0 = Release|Any CPU
	EndGlobalSection
	GlobalSection(SolutionProperties) = preSolution
		HideSolutionNode = FALSE
	EndGlobalSection
EndGlobal
